
Microsoft Visual Studio Solution File, Format Version 12.00
# Visual Studio Version 16
VisualStudioVersion = 16.0.31321.278
MinimumVisualStudioVersion = 10.0.40219.1
Project("{FAE04EC0-301F-11D3-BF4B-00C04F79EFBC}") = "NamoWEBAPI", "NamoWEBAPI.csproj", "{8B6C0922-866E-49E5-8E0C-F5BF17A27200}"
EndProject
Global
	GlobalSection(SolutionConfigurationPlatforms) = preSolution
		Debug|Any CPU = Debug|Any CPU
		Release|Any CPU = Release|Any CPU
	EndGlobalSection
	GlobalSection(ProjectConfigurationPlatforms) = postSolution
		{8B6C0922-866E-49E5-8E0C-F5BF17A27200}.Debug|Any CPU.ActiveCfg = Debug|Any CPU
		{8B6C0922-866E-49E5-8E0C-F5BF17A27200}.Debug|Any CPU.Build.0 = Debug|Any CPU
		{8B6C0922-866E-49E5-8E0C-F5BF17A27200}.Release|Any CPU.ActiveCfg = Release|Any CPU
		{8B6C0922-866E-49E5-8E0C-F5BF17A27200}.Release|Any CPU.Build.0 = Release|Any CPU
	EndGlobalSection
	GlobalSection(SolutionProperties) = preSolution
		HideSolutionNode = FALSE
	EndGlobalSection
	GlobalSection(ExtensibilityGlobals) = postSolution
		SolutionGuid = {1EF8F28D-D8F2-4518-AE39-0259390A00DE}
	EndGlobalSection
EndGlobal
